
Microsoft Visual Studio Solution File, Format Version 12.00
# Visual Studio Version 17
VisualStudioVersion = 17.9.34728.123
MinimumVisualStudioVersion = 10.0.40219.1
Project("{9A19103F-16F7-4668-BE54-9A1E7A4F7556}") = "LibraryBackend", "LibraryBackend\LibraryBackend.csproj", "{127A8B39-79AC-49B8-9264-E8E7CD86AAD9}"
EndProject
Project("{9A19103F-16F7-4668-BE54-9A1E7A4F7556}") = "LibraryFrontend", "LibraryFrontend\LibraryFrontend.csproj", "{C8C185D4-D07D-4505-A9E2-D318C18BFB52}"
EndProject
Project("{9A19103F-16F7-4668-BE54-9A1E7A4F7556}") = "LibraryBackend.Shared", "LibraryBackend.Shared\LibraryBackend.Shared.csproj", "{2E23696F-E0DB-425A-9EE1-E1A4F6CE9277}"
EndProject
Project("{9A19103F-16F7-4668-BE54-9A1E7A4F7556}") = "LibraryTest", "LibraryTest\LibraryTest.csproj", "{6C40DA94-3422-4422-8BCB-853EBEC0B886}"
EndProject
Global
	GlobalSection(SolutionConfigurationPlatforms) = preSolution
		Debug|Any CPU = Debug|Any CPU
		Release|Any CPU = Release|Any CPU
	EndGlobalSection
	GlobalSection(ProjectConfigurationPlatforms) = postSolution
		{127A8B39-79AC-49B8-9264-E8E7CD86AAD9}.Debug|Any CPU.ActiveCfg = Debug|Any CPU
		{127A8B39-79AC-49B8-9264-E8E7CD86AAD9}.Debug|Any CPU.Build.0 = Debug|Any CPU
		{127A8B39-79AC-49B8-9264-E8E7CD86AAD9}.Release|Any CPU.ActiveCfg = Release|Any CPU
		{127A8B39-79AC-49B8-9264-E8E7CD86AAD9}.Release|Any CPU.Build.0 = Release|Any CPU
		{C8C185D4-D07D-4505-A9E2-D318C18BFB52}.Debug|Any CPU.ActiveCfg = Debug|Any CPU
		{C8C185D4-D07D-4505-A9E2-D318C18BFB52}.Debug|Any CPU.Build.0 = Debug|Any CPU
		{C8C185D4-D07D-4505-A9E2-D318C18BFB52}.Release|Any CPU.ActiveCfg = Release|Any CPU
		{C8C185D4-D07D-4505-A9E2-D318C18BFB52}.Release|Any CPU.Build.0 = Release|Any CPU
		{2E23696F-E0DB-425A-9EE1-E1A4F6CE9277}.Debug|Any CPU.ActiveCfg = Debug|Any CPU
		{2E23696F-E0DB-425A-9EE1-E1A4F6CE9277}.Debug|Any CPU.Build.0 = Debug|Any CPU
		{2E23696F-E0DB-425A-9EE1-E1A4F6CE9277}.Release|Any CPU.ActiveCfg = Release|Any CPU
		{2E23696F-E0DB-425A-9EE1-E1A4F6CE9277}.Release|Any CPU.Build.0 = Release|Any CPU
		{6C40DA94-3422-4422-8BCB-853EBEC0B886}.Debug|Any CPU.ActiveCfg = Debug|Any CPU
		{6C40DA94-3422-4422-8BCB-853EBEC0B886}.Debug|Any CPU.Build.0 = Debug|Any CPU
		{6C40DA94-3422-4422-8BCB-853EBEC0B886}.Release|Any CPU.ActiveCfg = Release|Any CPU
		{6C40DA94-3422-4422-8BCB-853EBEC0B886}.Release|Any CPU.Build.0 = Release|Any CPU
	EndGlobalSection
	GlobalSection(SolutionProperties) = preSolution
		HideSolutionNode = FALSE
	EndGlobalSection
	GlobalSection(ExtensibilityGlobals) = postSolution
		SolutionGuid = {5C826BA0-BE8A-466B-9733-39F09222A8B7}
	EndGlobalSection
EndGlobal
